
Microsoft Visual Studio Solution File, Format Version 12.00
# Visual Studio Version 16
VisualStudioVersion = 16.0.29215.179
MinimumVisualStudioVersion = 10.0.40219.1
Project("{FAE04EC0-301F-11D3-BF4B-00C04F79EFBC}") = "WoWTools.MinimapExtract", "WoWTools.MinimapExtract\WoWTools.MinimapExtract.csproj", "{2643ED40-5F65-4ACF-B644-6126A0420EB6}"
EndProject
Global
	GlobalSection(SolutionConfigurationPlatforms) = preSolution
		Debug|Any CPU = Debug|Any CPU
		Release|Any CPU = Release|Any CPU
	EndGlobalSection
	GlobalSection(ProjectConfigurationPlatforms) = postSolution
		{2643ED40-5F65-4ACF-B644-6126A0420EB6}.Debug|Any CPU.ActiveCfg = Debug|Any CPU
		{2643ED40-5F65-4ACF-B644-6126A0420EB6}.Debug|Any CPU.Build.0 = Debug|Any CPU
		{2643ED40-5F65-4ACF-B644-6126A0420EB6}.Release|Any CPU.ActiveCfg = Release|Any CPU
		{2643ED40-5F65-4ACF-B644-6126A0420EB6}.Release|Any CPU.Build.0 = Release|Any CPU
	EndGlobalSection
	GlobalSection(SolutionProperties) = preSolution
		HideSolutionNode = FALSE
	EndGlobalSection
	GlobalSection(ExtensibilityGlobals) = postSolution
		SolutionGuid = {87957E7D-A587-452A-9792-7F26567D8387}
	EndGlobalSection
EndGlobal
